{
  "name": "Umbrella Corporation",
  "lockfileVersion": 3,
  "requires": true,
  "packages": {
    "": {
      "dependencies": {
        "@loomery/brain-site": "github:loomery/brain-site#semver:^1.0.0"
      }
    },
    "node_modules/@loomery/brain-site": {
      "version": "1.4.3",
      "resolved": "git+ssh://git@github.com/loomery/brain-site.git#58430c234c54bdd5bf220fee2db32d40c3d600e1",
      "dependencies": {
        "yaml": "^2.9.0"
      },
      "bin": {
        "brain-site": "bin/brain-site.mjs"
      },
      "engines": {
        "node": ">=22"
      }
    },
    "node_modules/yaml": {
      "version": "2.9.0",
      "license": "ISC",
      "bin": {
        "yaml": "bin.mjs"
      },
      "engines": {
        "node": ">= 14.6"
      },
      "funding": {
        "url": "https://github.com/sponsors/eemeli"
      }
    }
  }
}
